version = 1
revision = 2
requires-python = ">=3.13"

[[package]]
name = "asgiref"
version = "3.8.1"
source = { registry = "https://pypi.org/simple" }
sdist = { url = "https://files.pythonhosted.org/packages/29/38/b3395cc9ad1b56d2ddac9970bc8f4141312dbaec28bc7c218b0dfafd0f42/asgiref-3.8.1.tar.gz", hash = "sha256:c343bd80a0bec947a9860adb4c432ffa7db769836c64238fc34bdc3fec84d590", size = 35186, upload-time = "2024-03-22T14:39:36.863Z" }
wheels = [
    { url = "https://files.pythonhosted.org/packages/39/e3/893e8757be2612e6c266d9bb58ad2e3651524b5b40cf56761e985a28b13e/asgiref-3.8.1-py3-none-any.whl", hash = "sha256:3e1e3ecc849832fe52ccf2cb6686b7a55f82bb1d6aee72a58826471390335e47", size = 23828, upload-time = "2024-03-22T14:39:34.521Z" },
]

[[package]]
name = "autopep8"
version = "2.3.2"
source = { registry = "https://pypi.org/simple" }
dependencies = [
    { name = "pycodestyle" },
]
sdist = { url = "https://files.pythonhosted.org/packages/50/d8/30873d2b7b57dee9263e53d142da044c4600a46f2d28374b3e38b023df16/autopep8-2.3.2.tar.gz", hash = "sha256:89440a4f969197b69a995e4ce0661b031f455a9f776d2c5ba3dbd83466931758", size = 92210, upload-time = "2025-01-14T14:46:18.454Z" }
wheels = [
    { url = "https://files.pythonhosted.org/packages/9e/43/53afb8ba17218f19b77c7834128566c5bbb100a0ad9ba2e8e89d089d7079/autopep8-2.3.2-py2.py3-none-any.whl", hash = "sha256:ce8ad498672c845a0c3de2629c15b635ec2b05ef8177a6e7c91c74f3e9b51128", size = 45807, upload-time = "2025-01-14T14:46:15.466Z" },
]

[[package]]
name = "django"
version = "5.2.1"
source = { registry = "https://pypi.org/simple" }
dependencies = [
    { name = "asgiref" },
    { name = "sqlparse" },
    { name = "tzdata", marker = "sys_platform == 'win32'" },
]
sdist = { url = "https://files.pythonhosted.org/packages/ac/10/0d546258772b8f31398e67c85e52c66ebc2b13a647193c3eef8ee433f1a8/django-5.2.1.tar.gz", hash = "sha256:57fe1f1b59462caed092c80b3dd324fd92161b620d59a9ba9181c34746c97284", size = 10818735, upload-time = "2025-05-07T14:06:17.543Z" }
wheels = [
    { url = "https://files.pythonhosted.org/packages/90/92/7448697b5838b3a1c6e1d2d6a673e908d0398e84dc4f803a2ce11e7ffc0f/django-5.2.1-py3-none-any.whl", hash = "sha256:a9b680e84f9a0e71da83e399f1e922e1ab37b2173ced046b541c72e1589a5961", size = 8301833, upload-time = "2025-05-07T14:06:10.955Z" },
]

[[package]]
name = "django-background-tasks"
version = "1.2.8"
source = { registry = "https://pypi.org/simple" }
dependencies = [
    { name = "django" },
    { name = "six" },
]
sdist = { url = "https://files.pythonhosted.org/packages/dd/e3/d2c442305e922912f68fa157f92bec6661c150110bdce62c3bac58c62931/django_background_tasks-1.2.8.tar.gz", hash = "sha256:1ed5816f8d60f0ed436cd0435405e55e7b91e825fd69bcdada2d605ee1a97056", size = 21287, upload-time = "2024-08-16T14:39:21.56Z" }
wheels = [
    { url = "https://files.pythonhosted.org/packages/61/ba/e8d45c180bbc2eb98d461db1931d53ed6786a294f0cc3847b22b6de22ff5/django_background_tasks-1.2.8-py3-none-any.whl", hash = "sha256:266b64316e364771afc3af73ae4c3e75f16782aa69e36c9e71d289cfd241347f", size = 25154, upload-time = "2024-08-16T14:39:20.227Z" },
]

[[package]]
name = "django-debug-toolbar"
version = "5.2.0"
source = { registry = "https://pypi.org/simple" }
dependencies = [
    { name = "django" },
    { name = "sqlparse" },
]
sdist = { url = "https://files.pythonhosted.org/packages/2a/9f/97ba2648f66fa208fc7f19d6895586d08bc5f0ab930a1f41032e60f31a41/django_debug_toolbar-5.2.0.tar.gz", hash = "sha256:9e7f0145e1a1b7d78fcc3b53798686170a5b472d9cf085d88121ff823e900821", size = 297901, upload-time = "2025-04-29T05:23:57.533Z" }
wheels = [
    { url = "https://files.pythonhosted.org/packages/fa/c2/ed3cb815002664349e9e50799b8c00ef15941f4cad797247cadbdeebab02/django_debug_toolbar-5.2.0-py3-none-any.whl", hash = "sha256:15627f4c2836a9099d795e271e38e8cf5204ccd79d5dbcd748f8a6c284dcd195", size = 262834, upload-time = "2025-04-29T05:23:55.472Z" },
]

[[package]]
name = "django-environ"
version = "0.12.0"
source = { registry = "https://pypi.org/simple" }
sdist = { url = "https://files.pythonhosted.org/packages/d6/04/65d2521842c42f4716225f20d8443a50804920606aec018188bbee30a6b0/django_environ-0.12.0.tar.gz", hash = "sha256:227dc891453dd5bde769c3449cf4a74b6f2ee8f7ab2361c93a07068f4179041a", size = 56804, upload-time = "2025-01-13T17:03:37.74Z" }
wheels = [
    { url = "https://files.pythonhosted.org/packages/83/b3/0a3bec4ecbfee960f39b1842c2f91e4754251e0a6ed443db9fe3f666ba8f/django_environ-0.12.0-py2.py3-none-any.whl", hash = "sha256:92fb346a158abda07ffe6eb23135ce92843af06ecf8753f43adf9d2366dcc0ca", size = 19957, upload-time = "2025-01-13T17:03:32.918Z" },
]

[[package]]
name = "django-filter"
version = "25.1"
source = { registry = "https://pypi.org/simple" }
dependencies = [
    { name = "django" },
]
sdist = { url = "https://files.pythonhosted.org/packages/b5/40/c702a6fe8cccac9bf426b55724ebdf57d10a132bae80a17691d0cf0b9bac/django_filter-25.1.tar.gz", hash = "sha256:1ec9eef48fa8da1c0ac9b411744b16c3f4c31176c867886e4c48da369c407153", size = 143021, upload-time = "2025-02-14T16:30:53.238Z" }
wheels = [
    { url = "https://files.pythonhosted.org/packages/07/a6/70dcd68537c434ba7cb9277d403c5c829caf04f35baf5eb9458be251e382/django_filter-25.1-py3-none-any.whl", hash = "sha256:4fa48677cf5857b9b1347fed23e355ea792464e0fe07244d1fdfb8a806215b80", size = 94114, upload-time = "2025-02-14T16:30:50.435Z" },
]

[[package]]
name = "django-practice"
version = "0.1.0"
source = { virtual = "." }
dependencies = [
    { name = "django" },
    { name = "django-background-tasks" },
    { name = "django-environ" },
    { name = "django-filter" },
    { name = "djangorestframework" },
    { name = "markdown" },
    { name = "whitenoise" },
]

[package.dev-dependencies]
dev = [
    { name = "django-debug-toolbar" },
    { name = "django-silk" },
    { name = "django-stubs", extra = ["compatible-mypy"] },
]

[package.metadata]
requires-dist = [
    { name = "django", specifier = ">=5.2.1" },
    { name = "django-background-tasks", specifier = ">=1.2.8" },
    { name = "django-environ", specifier = ">=0.12.0" },
    { name = "django-filter", specifier = ">=25.1" },
    { name = "djangorestframework", specifier = ">=3.16.0" },
    { name = "markdown", specifier = ">=3.8" },
    { name = "whitenoise", specifier = ">=6.9.0" },
]

[package.metadata.requires-dev]
dev = [
    { name = "django-debug-toolbar", specifier = ">=5.2.0" },
    { name = "django-silk", specifier = ">=5.3.2" },
    { name = "django-stubs", extras = ["compatible-mypy"], specifier = ">=5.2.0" },
]

[[package]]
name = "django-silk"
version = "5.3.2"
source = { registry = "https://pypi.org/simple" }
dependencies = [
    { name = "autopep8" },
    { name = "django" },
    { name = "gprof2dot" },
    { name = "sqlparse" },
]
sdist = { url = "https://files.pythonhosted.org/packages/5a/9f/ac0bf2f1bba661a9f8937bccd0b8dd93ba87b6b1ebbf3884981f5e27c2b0/django_silk-5.3.2.tar.gz", hash = "sha256:b0db54eebedb8d16f572321bd6daccac0bd3f547ae2618bb45d96fe8fc02229d", size = 4493706, upload-time = "2024-12-14T08:06:03.225Z" }
wheels = [
    { url = "https://files.pythonhosted.org/packages/03/4d/92872928197099aefad0a3e4a055e6c22295e7770dd7b3388a6f2909c95c/django_silk-5.3.2-py3-none-any.whl", hash = "sha256:49f1caebfda28b1707f0cfef524e0476beb82b8c5e40f5ccff7f73a6b4f6d3ac", size = 1943114, upload-time = "2024-12-14T08:06:21.512Z" },
]

[[package]]
name = "django-stubs"
version = "5.2.0"
source = { registry = "https://pypi.org/simple" }
dependencies = [
    { name = "asgiref" },
    { name = "django" },
    { name = "django-stubs-ext" },
    { name = "types-pyyaml" },
    { name = "typing-extensions" },
]
sdist = { url = "https://files.pythonhosted.org/packages/87/79/7e7ad8b4bac545c8e608fa8db0bd061977f93035a112be78a7f3ffc6ff66/django_stubs-5.2.0.tar.gz", hash = "sha256:07e25c2d3cbff5be540227ff37719cc89f215dfaaaa5eb038a75b01bbfbb2722", size = 276297, upload-time = "2025-04-26T10:49:04.974Z" }
wheels = [
    { url = "https://files.pythonhosted.org/packages/9a/01/5913ba5514337f3896c7bcbff6075808184dd303cd0fc3ecc289ec7e0c96/django_stubs-5.2.0-py3-none-any.whl", hash = "sha256:cd52da033489afc1357d6245f49e3cc57bf49015877253fb8efc6722ea3d2d2b", size = 481836, upload-time = "2025-04-26T10:49:02.97Z" },
]

[package.optional-dependencies]
compatible-mypy = [
    { name = "mypy" },
]

[[package]]
name = "django-stubs-ext"
version = "5.2.0"
source = { registry = "https://pypi.org/simple" }
dependencies = [
    { name = "django" },
    { name = "typing-extensions" },
]
sdist = { url = "https://files.pythonhosted.org/packages/7c/7a/84338605817960942c1ea9d852685923ccccd0d91ba0d49532605973491f/django_stubs_ext-5.2.0.tar.gz", hash = "sha256:00c4ae307b538f5643af761a914c3f8e4e3f25f4e7c6d7098f1906c0d8f2aac9", size = 9618, upload-time = "2025-04-26T10:48:38.05Z" }
wheels = [
    { url = "https://files.pythonhosted.org/packages/e2/65/9f5ca467d84a67c0c547f10b0ece9fd9c26c5efc818a01bf6a3d306c2a0c/django_stubs_ext-5.2.0-py3-none-any.whl", hash = "sha256:b27ae0aab970af4894ba4e9b3fcd3e03421dc8731516669659ee56122d148b23", size = 9066, upload-time = "2025-04-26T10:48:36.032Z" },
]

[[package]]
name = "djangorestframework"
version = "3.16.0"
source = { registry = "https://pypi.org/simple" }
dependencies = [
    { name = "django" },
]
sdist = { url = "https://files.pythonhosted.org/packages/7d/97/112c5a72e6917949b6d8a18ad6c6e72c46da4290c8f36ee5f1c1dcbc9901/djangorestframework-3.16.0.tar.gz", hash = "sha256:f022ff46613584de994c0c6a4aebbace5fd700555fbe9d33b865ebf173eba6c9", size = 1068408, upload-time = "2025-03-28T14:18:42.065Z" }
wheels = [
    { url = "https://files.pythonhosted.org/packages/eb/3e/2448e93f4f87fc9a9f35e73e3c05669e0edd0c2526834686e949bb1fd303/djangorestframework-3.16.0-py3-none-any.whl", hash = "sha256:bea7e9f6b96a8584c5224bfb2e4348dfb3f8b5e34edbecb98da258e892089361", size = 1067305, upload-time = "2025-03-28T14:18:39.489Z" },
]

[[package]]
name = "gprof2dot"
version = "2025.4.14"
source = { registry = "https://pypi.org/simple" }
sdist = { url = "https://files.pythonhosted.org/packages/bb/fd/cad13fa1f7a463a607176432c4affa33ea162f02f58cc36de1d40d3e6b48/gprof2dot-2025.4.14.tar.gz", hash = "sha256:35743e2d2ca027bf48fa7cba37021aaf4a27beeae1ae8e05a50b55f1f921a6ce", size = 39536, upload-time = "2025-04-14T07:21:45.76Z" }
wheels = [
    { url = "https://files.pythonhosted.org/packages/71/ed/89d760cb25279109b89eb52975a7b5479700d3114a2421ce735bfb2e7513/gprof2dot-2025.4.14-py3-none-any.whl", hash = "sha256:0742e4c0b4409a5e8777e739388a11e1ed3750be86895655312ea7c20bd0090e", size = 37555, upload-time = "2025-04-14T07:21:43.319Z" },
]

[[package]]
name = "markdown"
version = "3.8"
source = { registry = "https://pypi.org/simple" }
sdist = { url = "https://files.pythonhosted.org/packages/2f/15/222b423b0b88689c266d9eac4e61396fe2cc53464459d6a37618ac863b24/markdown-3.8.tar.gz", hash = "sha256:7df81e63f0df5c4b24b7d156eb81e4690595239b7d70937d0409f1b0de319c6f", size = 360906, upload-time = "2025-04-11T14:42:50.928Z" }
wheels = [
    { url = "https://files.pythonhosted.org/packages/51/3f/afe76f8e2246ffbc867440cbcf90525264df0e658f8a5ca1f872b3f6192a/markdown-3.8-py3-none-any.whl", hash = "sha256:794a929b79c5af141ef5ab0f2f642d0f7b1872981250230e72682346f7cc90dc", size = 106210, upload-time = "2025-04-11T14:42:49.178Z" },
]

[[package]]
name = "mypy"
version = "1.15.0"
source = { registry = "https://pypi.org/simple" }
dependencies = [
    { name = "mypy-extensions" },
    { name = "typing-extensions" },
]
sdist = { url = "https://files.pythonhosted.org/packages/ce/43/d5e49a86afa64bd3839ea0d5b9c7103487007d728e1293f52525d6d5486a/mypy-1.15.0.tar.gz", hash = "sha256:404534629d51d3efea5c800ee7c42b72a6554d6c400e6a79eafe15d11341fd43", size = 3239717, upload-time = "2025-02-05T03:50:34.655Z" }
wheels = [
    { url = "https://files.pythonhosted.org/packages/6a/9b/fd2e05d6ffff24d912f150b87db9e364fa8282045c875654ce7e32fffa66/mypy-1.15.0-cp313-cp313-macosx_10_13_x86_64.whl", hash = "sha256:93faf3fdb04768d44bf28693293f3904bbb555d076b781ad2530214ee53e3445", size = 10788592, upload-time = "2025-02-05T03:48:55.789Z" },
    { url = "https://files.pythonhosted.org/packages/74/37/b246d711c28a03ead1fd906bbc7106659aed7c089d55fe40dd58db812628/mypy-1.15.0-cp313-cp313-macosx_11_0_arm64.whl", hash = "sha256:811aeccadfb730024c5d3e326b2fbe9249bb7413553f15499a4050f7c30e801d", size = 9753611, upload-time = "2025-02-05T03:48:44.581Z" },
    { url = "https://files.pythonhosted.org/packages/a6/ac/395808a92e10cfdac8003c3de9a2ab6dc7cde6c0d2a4df3df1b815ffd067/mypy-1.15.0-cp313-cp313-manylinux_2_17_aarch64.manylinux2014_aarch64.manylinux_2_28_aarch64.whl", hash = "sha256:98b7b9b9aedb65fe628c62a6dc57f6d5088ef2dfca37903a7d9ee374d03acca5", size = 11438443, upload-time = "2025-02-05T03:49:25.514Z" },
    { url = "https://files.pythonhosted.org/packages/d2/8b/801aa06445d2de3895f59e476f38f3f8d610ef5d6908245f07d002676cbf/mypy-1.15.0-cp313-cp313-manylinux_2_17_x86_64.manylinux2014_x86_64.manylinux_2_28_x86_64.whl", hash = "sha256:c43a7682e24b4f576d93072216bf56eeff70d9140241f9edec0c104d0c515036", size = 12402541, upload-time = "2025-02-05T03:49:57.623Z" },
    { url = "https://files.pythonhosted.org/packages/c7/67/5a4268782eb77344cc613a4cf23540928e41f018a9a1ec4c6882baf20ab8/mypy-1.15.0-cp313-cp313-musllinux_1_2_x86_64.whl", hash = "sha256:baefc32840a9f00babd83251560e0ae1573e2f9d1b067719479bfb0e987c6357", size = 12494348, upload-time = "2025-02-05T03:48:52.361Z" },
    { url = "https://files.pythonhosted.org/packages/83/3e/57bb447f7bbbfaabf1712d96f9df142624a386d98fb026a761532526057e/mypy-1.15.0-cp313-cp313-win_amd64.whl", hash = "sha256:b9378e2c00146c44793c98b8d5a61039a048e31f429fb0eb546d93f4b000bedf", size = 9373648, upload-time = "2025-02-05T03:49:11.395Z" },
    { url = "https://files.pythonhosted.org/packages/09/4e/a7d65c7322c510de2c409ff3828b03354a7c43f5a8ed458a7a131b41c7b9/mypy-1.15.0-py3-none-any.whl", hash = "sha256:5469affef548bd1895d86d3bf10ce2b44e33d86923c29e4d675b3e323437ea3e", size = 2221777, upload-time = "2025-02-05T03:50:08.348Z" },
]

[[package]]
name = "mypy-extensions"
version = "1.1.0"
source = { registry = "https://pypi.org/simple" }
sdist = { url = "https://files.pythonhosted.org/packages/a2/6e/371856a3fb9d31ca8dac321cda606860fa4548858c0cc45d9d1d4ca2628b/mypy_extensions-1.1.0.tar.gz", hash = "sha256:52e68efc3284861e772bbcd66823fde5ae21fd2fdb51c62a211403730b916558", size = 6343, upload-time = "2025-04-22T14:54:24.164Z" }
wheels = [
    { url = "https://files.pythonhosted.org/packages/79/7b/2c79738432f5c924bef5071f933bcc9efd0473bac3b4aa584a6f7c1c8df8/mypy_extensions-1.1.0-py3-none-any.whl", hash = "sha256:1be4cccdb0f2482337c4743e60421de3a356cd97508abadd57d47403e94f5505", size = 4963, upload-time = "2025-04-22T14:54:22.983Z" },
]

[[package]]
name = "pycodestyle"
version = "2.13.0"
source = { registry = "https://pypi.org/simple" }
sdist = { url = "https://files.pythonhosted.org/packages/04/6e/1f4a62078e4d95d82367f24e685aef3a672abfd27d1a868068fed4ed2254/pycodestyle-2.13.0.tar.gz", hash = "sha256:c8415bf09abe81d9c7f872502a6eee881fbe85d8763dd5b9924bb0a01d67efae", size = 39312, upload-time = "2025-03-29T17:33:30.669Z" }
wheels = [
    { url = "https://files.pythonhosted.org/packages/07/be/b00116df1bfb3e0bb5b45e29d604799f7b91dd861637e4d448b4e09e6a3e/pycodestyle-2.13.0-py2.py3-none-any.whl", hash = "sha256:35863c5974a271c7a726ed228a14a4f6daf49df369d8c50cd9a6f58a5e143ba9", size = 31424, upload-time = "2025-03-29T17:33:29.405Z" },
]

[[package]]
name = "six"
version = "1.17.0"
source = { registry = "https://pypi.org/simple" }
sdist = { url = "https://files.pythonhosted.org/packages/94/e7/b2c673351809dca68a0e064b6af791aa332cf192da575fd474ed7d6f16a2/six-1.17.0.tar.gz", hash = "sha256:ff70335d468e7eb6ec65b95b99d3a2836546063f63acc5171de367e834932a81", size = 34031, upload-time = "2024-12-04T17:35:28.174Z" }
wheels = [
    { url = "https://files.pythonhosted.org/packages/b7/ce/149a00dd41f10bc29e5921b496af8b574d8413afcd5e30dfa0ed46c2cc5e/six-1.17.0-py2.py3-none-any.whl", hash = "sha256:4721f391ed90541fddacab5acf947aa0d3dc7d27b2e1e8eda2be8970586c3274", size = 11050, upload-time = "2024-12-04T17:35:26.475Z" },
]

[[package]]
name = "sqlparse"
version = "0.5.3"
source = { registry = "https://pypi.org/simple" }
sdist = { url = "https://files.pythonhosted.org/packages/e5/40/edede8dd6977b0d3da179a342c198ed100dd2aba4be081861ee5911e4da4/sqlparse-0.5.3.tar.gz", hash = "sha256:09f67787f56a0b16ecdbde1bfc7f5d9c3371ca683cfeaa8e6ff60b4807ec9272", size = 84999, upload-time = "2024-12-10T12:05:30.728Z" }
wheels = [
    { url = "https://files.pythonhosted.org/packages/a9/5c/bfd6bd0bf979426d405cc6e71eceb8701b148b16c21d2dc3c261efc61c7b/sqlparse-0.5.3-py3-none-any.whl", hash = "sha256:cf2196ed3418f3ba5de6af7e82c694a9fbdbfecccdfc72e281548517081f16ca", size = 44415, upload-time = "2024-12-10T12:05:27.824Z" },
]

[[package]]
name = "types-pyyaml"
version = "6.0.12.20250516"
source = { registry = "https://pypi.org/simple" }
sdist = { url = "https://files.pythonhosted.org/packages/4e/22/59e2aeb48ceeee1f7cd4537db9568df80d62bdb44a7f9e743502ea8aab9c/types_pyyaml-6.0.12.20250516.tar.gz", hash = "sha256:9f21a70216fc0fa1b216a8176db5f9e0af6eb35d2f2932acb87689d03a5bf6ba", size = 17378, upload-time = "2025-05-16T03:08:04.897Z" }
wheels = [
    { url = "https://files.pythonhosted.org/packages/99/5f/e0af6f7f6a260d9af67e1db4f54d732abad514252a7a378a6c4d17dd1036/types_pyyaml-6.0.12.20250516-py3-none-any.whl", hash = "sha256:8478208feaeb53a34cb5d970c56a7cd76b72659442e733e268a94dc72b2d0530", size = 20312, upload-time = "2025-05-16T03:08:04.019Z" },
]

[[package]]
name = "typing-extensions"
version = "4.13.2"
source = { registry = "https://pypi.org/simple" }
sdist = { url = "https://files.pythonhosted.org/packages/f6/37/23083fcd6e35492953e8d2aaaa68b860eb422b34627b13f2ce3eb6106061/typing_extensions-4.13.2.tar.gz", hash = "sha256:e6c81219bd689f51865d9e372991c540bda33a0379d5573cddb9a3a23f7caaef", size = 106967, upload-time = "2025-04-10T14:19:05.416Z" }
wheels = [
    { url = "https://files.pythonhosted.org/packages/8b/54/b1ae86c0973cc6f0210b53d508ca3641fb6d0c56823f288d108bc7ab3cc8/typing_extensions-4.13.2-py3-none-any.whl", hash = "sha256:a439e7c04b49fec3e5d3e2beaa21755cadbbdc391694e28ccdd36ca4a1408f8c", size = 45806, upload-time = "2025-04-10T14:19:03.967Z" },
]

[[package]]
name = "tzdata"
version = "2025.2"
source = { registry = "https://pypi.org/simple" }
sdist = { url = "https://files.pythonhosted.org/packages/95/32/1a225d6164441be760d75c2c42e2780dc0873fe382da3e98a2e1e48361e5/tzdata-2025.2.tar.gz", hash = "sha256:b60a638fcc0daffadf82fe0f57e53d06bdec2f36c4df66280ae79bce6bd6f2b9", size = 196380, upload-time = "2025-03-23T13:54:43.652Z" }
wheels = [
    { url = "https://files.pythonhosted.org/packages/5c/23/c7abc0ca0a1526a0774eca151daeb8de62ec457e77262b66b359c3c7679e/tzdata-2025.2-py2.py3-none-any.whl", hash = "sha256:1a403fada01ff9221ca8044d701868fa132215d84beb92242d9acd2147f667a8", size = 347839, upload-time = "2025-03-23T13:54:41.845Z" },
]

[[package]]
name = "whitenoise"
version = "6.9.0"
source = { registry = "https://pypi.org/simple" }
sdist = { url = "https://files.pythonhosted.org/packages/b9/cf/c15c2f21aee6b22a9f6fc9be3f7e477e2442ec22848273db7f4eb73d6162/whitenoise-6.9.0.tar.gz", hash = "sha256:8c4a7c9d384694990c26f3047e118c691557481d624f069b7f7752a2f735d609", size = 25920, upload-time = "2025-02-06T22:16:34.957Z" }
wheels = [
    { url = "https://files.pythonhosted.org/packages/64/b2/2ce9263149fbde9701d352bda24ea1362c154e196d2fda2201f18fc585d7/whitenoise-6.9.0-py3-none-any.whl", hash = "sha256:c8a489049b7ee9889617bb4c274a153f3d979e8f51d2efd0f5b403caf41c57df", size = 20161, upload-time = "2025-02-06T22:16:32.589Z" },
]
